
Microsoft Visual Studio Solution File, Format Version 12.00
# Visual Studio Version 16
VisualStudioVersion = 16.0.32428.217
MinimumVisualStudioVersion = 10.0.40219.1
Project("{FAE04EC0-301F-11D3-BF4B-00C04F79EFBC}") = "DigitalClock", "DigitalClock\DigitalClock.csproj", "{F62A6759-D646-4367-BCE7-70B34ADB7072}"
EndProject
Global
	GlobalSection(SolutionConfigurationPlatforms) = preSolution
		Debug|Any CPU = Debug|Any CPU
		Release|Any CPU = Release|Any CPU
	EndGlobalSection
	GlobalSection(ProjectConfigurationPlatforms) = postSolution
		{F62A6759-D646-4367-BCE7-70B34ADB7072}.Debug|Any CPU.ActiveCfg = Debug|Any CPU
		{F62A6759-D646-4367-BCE7-70B34ADB7072}.Debug|Any CPU.Build.0 = Debug|Any CPU
		{F62A6759-D646-4367-BCE7-70B34ADB7072}.Release|Any CPU.ActiveCfg = Release|Any CPU
		{F62A6759-D646-4367-BCE7-70B34ADB7072}.Release|Any CPU.Build.0 = Release|Any CPU
	EndGlobalSection
	GlobalSection(SolutionProperties) = preSolution
		HideSolutionNode = FALSE
	EndGlobalSection
	GlobalSection(ExtensibilityGlobals) = postSolution
		SolutionGuid = {D56586CE-33C0-410D-80DC-9CC5588FEA2D}
	EndGlobalSection
EndGlobal
